
Microsoft Visual Studio Solution File, Format Version 12.00
# Visual Studio Version 17
VisualStudioVersion = 17.8.34511.84
MinimumVisualStudioVersion = 10.0.40219.1
Project("{FAE04EC0-301F-11D3-BF4B-00C04F79EFBC}") = "Hauts_Anomaly", "Hauts_Anomaly.csproj", "{EF192B52-563E-45EA-ACB2-62211C1C8078}"
EndProject
Global
	GlobalSection(SolutionConfigurationPlatforms) = preSolution
		Debug|Any CPU = Debug|Any CPU
		Release|Any CPU = Release|Any CPU
	EndGlobalSection
	GlobalSection(ProjectConfigurationPlatforms) = postSolution
		{EF192B52-563E-45EA-ACB2-62211C1C8078}.Debug|Any CPU.ActiveCfg = Debug|Any CPU
		{EF192B52-563E-45EA-ACB2-62211C1C8078}.Debug|Any CPU.Build.0 = Debug|Any CPU
		{EF192B52-563E-45EA-ACB2-62211C1C8078}.Release|Any CPU.ActiveCfg = Release|Any CPU
		{EF192B52-563E-45EA-ACB2-62211C1C8078}.Release|Any CPU.Build.0 = Release|Any CPU
	EndGlobalSection
	GlobalSection(SolutionProperties) = preSolution
		HideSolutionNode = FALSE
	EndGlobalSection
	GlobalSection(ExtensibilityGlobals) = postSolution
		SolutionGuid = {19926416-D71C-4BE6-8DA9-62DA61BD07C9}
	EndGlobalSection
EndGlobal
